# This file is automatically @generated by Poetry 2.2.1 and should not be changed by hand.

[[package]]
name = "altgraph"
version = "0.17.4"
description = "Python graph (network) package"
optional = false
python-versions = "*"
groups = ["dev"]
files = [
    {file = "altgraph-0.17.4-py2.py3-none-any.whl", hash = "sha256:642743b4750de17e655e6711601b077bc6598dbfa3ba5fa2b2a35ce12b508dff"},
    {file = "altgraph-0.17.4.tar.gz", hash = "sha256:1b5afbb98f6c4dcadb2e2ae6ab9fa994bbb8c1d75f4fa96d340f9437ae454406"},
]

[[package]]
name = "annotated-types"
version = "0.7.0"
description = "Reusable constraint types to use with typing.Annotated"
optional = false
python-versions = ">=3.8"
groups = ["main"]
files = [
    {file = "annotated_types-0.7.0-py3-none-any.whl", hash = "sha256:1f02e8b43a8fbbc3f3e0d4f0f4bfc8131bcb4eebe8849b8e5c773f3a1c582a53"},
    {file = "annotated_types-0.7.0.tar.gz", hash = "sha256:aff07c09a53a08bc8cfccb9c85b05f1aa9a2a6f23728d790723543408344ce89"},
]

[[package]]
name = "macholib"
version = "1.16.3"
description = "Mach-O header analysis and editing"
optional = false
python-versions = "*"
groups = ["dev"]
markers = "sys_platform == \"darwin\""
files = [
    {file = "macholib-1.16.3-py2.py3-none-any.whl", hash = "sha256:0e315d7583d38b8c77e815b1ecbdbf504a8258d8b3e17b61165c6feb60d18f2c"},
    {file = "macholib-1.16.3.tar.gz", hash = "sha256:07ae9e15e8e4cd9a788013d81f5908b3609aa76f9b1421bae9c4d7606ec86a30"},
]

[package.dependencies]
altgraph = ">=0.17"

[[package]]
name = "packaging"
version = "25.0"
description = "Core utilities for Python packages"
optional = false
python-versions = ">=3.8"
groups = ["dev"]
files = [
    {file = "packaging-25.0-py3-none-any.whl", hash = "sha256:29572ef2b1f17581046b3a2227d5c611fb25ec70ca1ba8554b24b0e69331a484"},
    {file = "packaging-25.0.tar.gz", hash = "sha256:d443872c98d677bf60f6a1f2f8c1cb748e8fe762d2bf9d3148b5599295b0fc4f"},
]

[[package]]
name = "pefile"
version = "2023.2.7"
description = "Python PE parsing module"
optional = false
python-versions = ">=3.6.0"
groups = ["dev"]
markers = "sys_platform == \"win32\""
files = [
    {file = "pefile-2023.2.7-py3-none-any.whl", hash = "sha256:da185cd2af68c08a6cd4481f7325ed600a88f6a813bad9dea07ab3ef73d8d8d6"},
    {file = "pefile-2023.2.7.tar.gz", hash = "sha256:82e6114004b3d6911c77c3953e3838654b04511b8b66e8583db70c65998017dc"},
]

[[package]]
name = "pendulum"
version = "3.1.0"
description = "Python datetimes made easy"
optional = false
python-versions = ">=3.9"
groups = ["main"]
files = [
    {file = "pendulum-3.1.0-cp310-cp310-macosx_10_12_x86_64.whl", hash = "sha256:aa545a59e6517cf43597455a6fb44daa4a6e08473d67a7ad34e4fa951efb9620"},
    {file = "pendulum-3.1.0-cp310-cp310-macosx_11_0_arm64.whl", hash = "sha256:299df2da6c490ede86bb8d58c65e33d7a2a42479d21475a54b467b03ccb88531"},
    {file = "pendulum-3.1.0-cp310-cp310-manylinux_2_17_aarch64.manylinux2014_aarch64.whl", hash = "sha256:dbaa66e3ab179a2746eec67462f852a5d555bd709c25030aef38477468dd008e"},
    {file = "pendulum-3.1.0-cp310-cp310-manylinux_2_17_ppc64le.manylinux2014_ppc64le.whl", hash = "sha256:c3907ab3744c32e339c358d88ec80cd35fa2d4b25c77a3c67e6b39e99b7090c5"},
    {file = "pendulum-3.1.0-cp310-cp310-manylinux_2_17_s390x.manylinux2014_s390x.whl", hash = "sha256:8244958c5bc4ed1c47ee84b098ddd95287a3fc59e569ca6e2b664c6396138ec4"},
    {file = "pendulum-3.1.0-cp310-cp310-manylinux_2_17_x86_64.manylinux2014_x86_64.whl", hash = "sha256:ca5722b3993b85ff7dfced48d86b318f863c359877b6badf1a3601e35199ef8f"},
    {file = "pendulum-3.1.0-cp310-cp310-musllinux_1_1_aarch64.whl", hash = "sha256:5b77a3dc010eea1a4916ef3771163d808bfc3e02b894c37df311287f18e5b764"},
    {file = "pendulum-3.1.0-cp310-cp310-musllinux_1_1_x86_64.whl", hash = "sha256:2d6e1eff4a15fdb8fb3867c5469e691c2465eef002a6a541c47b48a390ff4cf4"},
    {file = "pendulum-3.1.0-cp310-cp310-win_amd64.whl", hash = "sha256:73de43ec85b46ac75db848c8e2f3f5d086e90b11cd9c7f029e14c8d748d920e2"},
    {file = "pendulum-3.1.0-cp311-cp311-macosx_10_12_x86_64.whl", hash = "sha256:61a03d14f8c64d13b2f7d5859e4b4053c4a7d3b02339f6c71f3e4606bfd67423"},
    {file = "pendulum-3.1.0-cp311-cp311-macosx_11_0_arm64.whl", hash = "sha256:e674ed2d158afa5c361e60f1f67872dc55b492a10cacdaa7fcd7b7da5f158f24"},
    {file = "pendulum-3.1.0-cp311-cp311-manylinux_2_17_aarch64.manylinux2014_aarch64.whl", hash = "sha256:7c75377eb16e58bbe7e03ea89eeea49be6fc5de0934a4aef0e263f8b4fa71bc2"},
    {file = "pendulum-3.1.0-cp311-cp311-manylinux_2_17_ppc64le.manylinux2014_ppc64le.whl", hash = "sha256:656b8b0ce070f0f2e5e2668247d3c783c55336534aa1f13bd0969535878955e1"},
    {file = "pendulum-3.1.0-cp311-cp311-manylinux_2_17_s390x.manylinux2014_s390x.whl", hash = "sha256:48962903e6c1afe1f13548cb6252666056086c107d59e3d64795c58c9298bc2e"},
    {file = "pendulum-3.1.0-cp311-cp311-manylinux_2_17_x86_64.manylinux2014_x86_64.whl", hash = "sha256:d364ec3f8e65010fefd4b0aaf7be5eb97e5df761b107a06f5e743b7c3f52c311"},
    {file = "pendulum-3.1.0-cp311-cp311-musllinux_1_1_aarch64.whl", hash = "sha256:dd52caffc2afb86612ec43bbeb226f204ea12ebff9f3d12f900a7d3097210fcc"},
    {file = "pendulum-3.1.0-cp311-cp311-musllinux_1_1_x86_64.whl", hash = "sha256:d439fccaa35c91f686bd59d30604dab01e8b5c1d0dd66e81648c432fd3f8a539"},
    {file = "pendulum-3.1.0-cp311-cp311-win_amd64.whl", hash = "sha256:43288773a86d9c5c0ddb645f88f615ff6bd12fd1410b34323662beccb18f3b49"},
    {file = "pendulum-3.1.0-cp311-cp311-win_arm64.whl", hash = "sha256:569ea5072ae0f11d625e03b36d865f8037b76e838a3b621f6967314193896a11"},
    {file = "pendulum-3.1.0-cp312-cp312-macosx_10_12_x86_64.whl", hash = "sha256:4dfd53e7583ccae138be86d6c0a0b324c7547df2afcec1876943c4d481cf9608"},
    {file = "pendulum-3.1.0-cp312-cp312-macosx_11_0_arm64.whl", hash = "sha256:6a6e06a28f3a7d696546347805536f6f38be458cb79de4f80754430696bea9e6"},
    {file = "pendulum-3.1.0-cp312-cp312-manylinux_2_17_aarch64.manylinux2014_aarch64.whl", hash = "sha256:7e68d6a51880708084afd8958af42dc8c5e819a70a6c6ae903b1c4bfc61e0f25"},
    {file = "pendulum-3.1.0-cp312-cp312-manylinux_2_17_ppc64le.manylinux2014_ppc64le.whl", hash = "sha256:9e3f1e5da39a7ea7119efda1dd96b529748c1566f8a983412d0908455d606942"},
    {file = "pendulum-3.1.0-cp312-cp312-manylinux_2_17_s390x.manylinux2014_s390x.whl", hash = "sha256:e9af1e5eeddb4ebbe1b1c9afb9fd8077d73416ade42dd61264b3f3b87742e0bb"},
    {file = "pendulum-3.1.0-cp312-cp312-manylinux_2_17_x86_64.manylinux2014_x86_64.whl", hash = "sha256:20f74aa8029a42e327bfc150472e0e4d2358fa5d795f70460160ba81b94b6945"},
    {file = "pendulum-3.1.0-cp312-cp312-musllinux_1_1_aarch64.whl", hash = "sha256:cf6229e5ee70c2660148523f46c472e677654d0097bec010d6730f08312a4931"},
    {file = "pendulum-3.1.0-cp312-cp312-musllinux_1_1_x86_64.whl", hash = "sha256:350cabb23bf1aec7c7694b915d3030bff53a2ad4aeabc8c8c0d807c8194113d6"},
    {file = "pendulum-3.1.0-cp312-cp312-win_amd64.whl", hash = "sha256:42959341e843077c41d47420f28c3631de054abd64da83f9b956519b5c7a06a7"},
    {file = "pendulum-3.1.0-cp312-cp312-win_arm64.whl", hash = "sha256:006758e2125da2e624493324dfd5d7d1b02b0c44bc39358e18bf0f66d0767f5f"},
    {file = "pendulum-3.1.0-cp313-cp313-macosx_10_12_x86_64.whl", hash = "sha256:28658b0baf4b30eb31d096a375983cfed033e60c0a7bbe94fa23f06cd779b50b"},
    {file = "pendulum-3.1.0-cp313-cp313-macosx_11_0_arm64.whl", hash = "sha256:b114dcb99ce511cb8f5495c7b6f0056b2c3dba444ef1ea6e48030d7371bd531a"},
    {file = "pendulum-3.1.0-cp313-cp313-manylinux_2_17_aarch64.manylinux2014_aarch64.whl", hash = "sha256:2404a6a54c80252ea393291f0b7f35525a61abae3d795407f34e118a8f133a18"},
    {file = "pendulum-3.1.0-cp313-cp313-manylinux_2_17_ppc64le.manylinux2014_ppc64le.whl", hash = "sha256:d06999790d9ee9962a1627e469f98568bf7ad1085553fa3c30ed08b3944a14d7"},
    {file = "pendulum-3.1.0-cp313-cp313-manylinux_2_17_s390x.manylinux2014_s390x.whl", hash = "sha256:94751c52f6b7c306734d1044c2c6067a474237e1e5afa2f665d1fbcbbbcf24b3"},
    {file = "pendulum-3.1.0-cp313-cp313-manylinux_2_17_x86_64.manylinux2014_x86_64.whl", hash = "sha256:5553ac27be05e997ec26d7f004cf72788f4ce11fe60bb80dda604a64055b29d0"},
    {file = "pendulum-3.1.0-cp313-cp313-musllinux_1_1_aarch64.whl", hash = "sha256:f8dee234ca6142bf0514368d01a72945a44685aaa2fc4c14c98d09da9437b620"},
    {file = "pendulum-3.1.0-cp313-cp313-musllinux_1_1_x86_64.whl", hash = "sha256:7378084fe54faab4ee481897a00b710876f2e901ded6221671e827a253e643f2"},
    {file = "pendulum-3.1.0-cp313-cp313-win_amd64.whl", hash = "sha256:8539db7ae2c8da430ac2515079e288948c8ebf7eb1edd3e8281b5cdf433040d6"},
    {file = "pendulum-3.1.0-cp313-cp313-win_arm64.whl", hash = "sha256:1ce26a608e1f7387cd393fba2a129507c4900958d4f47b90757ec17656856571"},
    {file = "pendulum-3.1.0-cp39-cp39-macosx_10_12_x86_64.whl", hash = "sha256:2504df1a7ff8e0827781a601ff399bfcad23e7b7943f87ef33db02c11131f5e8"},
    {file = "pendulum-3.1.0-cp39-cp39-macosx_11_0_arm64.whl", hash = "sha256:4041a7156695499b6676ed092f27e17760db2341bf350f6c5ea9137dd2cfd3f6"},
    {file = "pendulum-3.1.0-cp39-cp39-manylinux_2_17_aarch64.manylinux2014_aarch64.whl", hash = "sha256:87b277e9177651d6af8500b95f0af1e3c1769064f2353c06f638d3c1e065063e"},
    {file = "pendulum-3.1.0-cp39-cp39-manylinux_2_17_ppc64le.manylinux2014_ppc64le.whl", hash = "sha256:784cf82b676118816fb81ea6bcbdf8f3b0c49aa74fcb895647ef7f8046093471"},
    {file = "pendulum-3.1.0-cp39-cp39-manylinux_2_17_s390x.manylinux2014_s390x.whl", hash = "sha256:9e44277a391fa5ad2e9ce02b1b24fd9489cb2a371ae2459eddb238301d31204d"},
    {file = "pendulum-3.1.0-cp39-cp39-manylinux_2_17_x86_64.manylinux2014_x86_64.whl", hash = "sha256:6a7d0bca8cca92d60734b64fa4fa58b17b8ec1f55112bf77d00ee65248d19177"},
    {file = "pendulum-3.1.0-cp39-cp39-musllinux_1_1_aarch64.whl", hash = "sha256:bfac5e02faee02c180444e722c298690688ec1c3dfa1aab65fb4e0e3825d84ed"},
    {file = "pendulum-3.1.0-cp39-cp39-musllinux_1_1_x86_64.whl", hash = "sha256:e0da70941b062220e734c2c510ad30daa60aca1a37e893f1baa0da065ffa4c72"},
    {file = "pendulum-3.1.0-cp39-cp39-win_amd64.whl", hash = "sha256:300a237fb81028edb9604d4d1bb205b80515fd22ab9c1a4c55014d07869122f8"},
    {file = "pendulum-3.1.0-pp310-pypy310_pp73-macosx_10_12_x86_64.whl", hash = "sha256:d2cac744940299d8da41a3ed941aa1e02b5abbc9ae2c525f3aa2ae30c28a86b5"},
    {file = "pendulum-3.1.0-pp310-pypy310_pp73-macosx_11_0_arm64.whl", hash = "sha256:ffb39c3f3906a9c9a108fa98e5556f18b52d2c6451984bbfe2f14436ec4fc9d4"},
    {file = "pendulum-3.1.0-pp310-pypy310_pp73-manylinux_2_17_aarch64.manylinux2014_aarch64.whl", hash = "sha256:ebe18b1c2eb364064cc4a68a65900f1465cac47d0891dab82341766bcc05b40c"},
    {file = "pendulum-3.1.0-pp310-pypy310_pp73-manylinux_2_17_x86_64.manylinux2014_x86_64.whl", hash = "sha256:a9e9b28a35cec9fcd90f224b4878456129a057dbd694fc8266a9393834804995"},
    {file = "pendulum-3.1.0-pp310-pypy310_pp73-musllinux_1_1_aarch64.whl", hash = "sha256:a3be19b73a9c6a866724419295482f817727e635ccc82f07ae6f818943a1ee96"},
    {file = "pendulum-3.1.0-pp310-pypy310_pp73-musllinux_1_1_x86_64.whl", hash = "sha256:24a53b523819bda4c70245687a589b5ea88711f7caac4be5f276d843fe63076b"},
    {file = "pendulum-3.1.0-pp310-pypy310_pp73-win_amd64.whl", hash = "sha256:bd701789414fbd0be3c75f46803f31e91140c23821e4bcb0fa2bddcdd051c425"},
    {file = "pendulum-3.1.0-pp39-pypy39_pp73-macosx_10_12_x86_64.whl", hash = "sha256:0803639fc98e03f74d0b83955a2800bcee1c99b0700638aae9ab7ceb1a7dcca3"},
    {file = "pendulum-3.1.0-pp39-pypy39_pp73-macosx_11_0_arm64.whl", hash = "sha256:4cceff50503ef9cb021e53a238f867c9843b4dd55859582d682f3c9e52460699"},
    {file = "pendulum-3.1.0-pp39-pypy39_pp73-manylinux_2_17_aarch64.manylinux2014_aarch64.whl", hash = "sha256:c2cf8adcf3030eef78c3cd82afd9948cd1a4ae1a9450e9ac128b9e744c42825f"},
    {file = "pendulum-3.1.0-pp39-pypy39_pp73-manylinux_2_17_x86_64.manylinux2014_x86_64.whl", hash = "sha256:e5bce0f71c10e983e1c39e1eb37b9a5f5c2aa0c15a36edaaa0a844fb1fbc7bbb"},
    {file = "pendulum-3.1.0-pp39-pypy39_pp73-musllinux_1_1_aarch64.whl", hash = "sha256:c1354be2df38f031ac6a985949b6541be7d39dd7e44c8804f4bc9a39dea9f3bb"},
    {file = "pendulum-3.1.0-pp39-pypy39_pp73-musllinux_1_1_x86_64.whl", hash = "sha256:e4cbd933a40c915ed5c41b083115cca15c7afa8179363b2a61db167c64fa0670"},
    {file = "pendulum-3.1.0-pp39-pypy39_pp73-win_amd64.whl", hash = "sha256:3363a470b5d67dbf8d9fd1bf77dcdbf720788bc3be4a10bdcd28ae5d7dbd26c4"},
    {file = "pendulum-3.1.0-py3-none-any.whl", hash = "sha256:f9178c2a8e291758ade1e8dd6371b1d26d08371b4c7730a6e9a3ef8b16ebae0f"},
    {file = "pendulum-3.1.0.tar.gz", hash = "sha256:66f96303560f41d097bee7d2dc98ffca716fbb3a832c4b3062034c2d45865015"},
]

[package.dependencies]
python-dateutil = ">=2.6"
tzdata = ">=2020.1"

[package.extras]
test = ["time-machine (>=2.6.0) ; implementation_name != \"pypy\""]

[[package]]
name = "pydantic"
version = "2.12.0a1"
description = "Data validation using Python type hints"
optional = false
python-versions = ">=3.9"
groups = ["main"]
files = [
    {file = "pydantic-2.12.0a1-py3-none-any.whl", hash = "sha256:f292f0df096a522be36558f1c569d840b27de8ad64234996b068b891c4bc99e7"},
    {file = "pydantic-2.12.0a1.tar.gz", hash = "sha256:5724048f8b728a721f993de95cadf6ef47ce18043034316798aa5acbab30f7ce"},
]

[package.dependencies]
annotated-types = ">=0.6.0"
pydantic-core = "2.37.2"
typing-extensions = ">=4.14.1"
typing-inspection = ">=0.4.0"

[package.extras]
email = ["email-validator (>=2.0.0)"]
timezone = ["tzdata ; python_version >= \"3.9\" and platform_system == \"Windows\""]

[[package]]
name = "pydantic-core"
version = "2.37.2"
description = "Core functionality for Pydantic validation and serialization"
optional = false
python-versions = ">=3.9"
groups = ["main"]
files = [
    {file = "pydantic_core-2.37.2-cp310-cp310-macosx_10_12_x86_64.whl", hash = "sha256:5fe49144cee5f930dbfe9df3d4aaa4ed7dd6bd64cc63096187dace92e5fd2c4e"},
    {file = "pydantic_core-2.37.2-cp310-cp310-macosx_11_0_arm64.whl", hash = "sha256:49e16fa24b0015b5eadfb54cf5ea544a17de618981e5b4d4f4437702e433c11c"},
    {file = "pydantic_core-2.37.2-cp310-cp310-manylinux_2_17_aarch64.manylinux2014_aarch64.whl", hash = "sha256:8fc32e7e60f2feb2c564079a44e97f4e50be22a52a88fd7eb1c7df4b4d8012db"},
    {file = "pydantic_core-2.37.2-cp310-cp310-manylinux_2_17_armv7l.manylinux2014_armv7l.whl", hash = "sha256:19d804119aa9889bf18d86f8308b87b2dfbec758eb42fdea3094eed7d29242df"},
    {file = "pydantic_core-2.37.2-cp310-cp310-manylinux_2_17_ppc64le.manylinux2014_ppc64le.whl", hash = "sha256:188ef23ea5341c27d307badf9f14caebba36720cb24e1d67b7bfffbee0f36bb4"},
    {file = "pydantic_core-2.37.2-cp310-cp310-manylinux_2_17_s390x.manylinux2014_s390x.whl", hash = "sha256:c066b2f6424e2837d0855131cba3cb2bb6c5229da978f37fc301f577fac74970"},
    {file = "pydantic_core-2.37.2-cp310-cp310-manylinux_2_17_x86_64.manylinux2014_x86_64.whl", hash = "sha256:cd3a3680429ba5fdb23f2682188a2acb166a9b96cbecbb1c9a5338acfcdcd6f8"},
    {file = "pydantic_core-2.37.2-cp310-cp310-manylinux_2_5_i686.manylinux1_i686.whl", hash = "sha256:0d22cd58bb142164600fbfdaca5a1cc7a76e636e9b29a41a027dfeb2a175fe6b"},
    {file = "pydantic_core-2.37.2-cp310-cp310-musllinux_1_1_aarch64.whl", hash = "sha256:15effd30feb00b341cf84b53a14402ecf1177ddf24e940defbacc066bf9b3294"},
    {file = "pydantic_core-2.37.2-cp310-cp310-musllinux_1_1_armv7l.whl", hash = "sha256:0cdcc3ba7eac65f0cda1aea9da09681c14dc7b052d1028b291efda1710b11a04"},
    {file = "pydantic_core-2.37.2-cp310-cp310-musllinux_1_1_x86_64.whl", hash = "sha256:807e2a50fc1c99963a2e33490fa0a56b04e47a31534a6389921be9f3fad39a97"},
    {file = "pydantic_core-2.37.2-cp310-cp310-win32.whl", hash = "sha256:11349ab788fd56428d01ec0dc0a34d79f97dddc17727875259c9da357b8e968f"},
    {file = "pydantic_core-2.37.2-cp310-cp310-win_amd64.whl", hash = "sha256:205257f8f14febda5af04c15d20018ada14ec082486ab9f90510937bdc99089b"},
    {file = "pydantic_core-2.37.2-cp311-cp311-macosx_10_12_x86_64.whl", hash = "sha256:5f7fd8347b1dbdcd529175c5a9dcb131e964e581bbf4985a2edd184ce4189f8a"},
    {file = "pydantic_core-2.37.2-cp311-cp311-macosx_11_0_arm64.whl", hash = "sha256:ce36ad8ed3044dc7f4e1c023b409ba619f1e4b01c3dff2089d15d58ff1be6e85"},
    {file = "pydantic_core-2.37.2-cp311-cp311-manylinux_2_17_aarch64.manylinux2014_aarch64.whl", hash = "sha256:95458d6ffd174baffa92d1de7f554a5bd241d01ece213610549454df85246977"},
    {file = "pydantic_core-2.37.2-cp311-cp311-manylinux_2_17_armv7l.manylinux2014_armv7l.whl", hash = "sha256:69ca4ad75a16d133418585487a1f411d9e108babfcf16929a1a80e7749679ec5"},
    {file = "pydantic_core-2.37.2-cp311-cp311-manylinux_2_17_ppc64le.manylinux2014_ppc64le.whl", hash = "sha256:471fdd3ce9b6c64ebec530297b89b0bff79f6a09ed8a64da7546c6bcf652fa62"},
    {file = "pydantic_core-2.37.2-cp311-cp311-manylinux_2_17_s390x.manylinux2014_s390x.whl", hash = "sha256:1b3e5c3916f052fa215eaf790dbec963fec112670cdb6b5043023d422c056b5c"},
    {file = "pydantic_core-2.37.2-cp311-cp311-manylinux_2_17_x86_64.manylinux2014_x86_64.whl", hash = "sha256:673fbca1f76e85172e5a73f2031e281da3a509bb61721e98bf8121893c7c2f9a"},
    {file = "pydantic_core-2.37.2-cp311-cp311-manylinux_2_5_i686.manylinux1_i686.whl", hash = "sha256:86173c14c855c7f1ebbdd8a446a985ab829c547206f5a7e6e88ff5571b9de147"},
    {file = "pydantic_core-2.37.2-cp311-cp311-musllinux_1_1_aarch64.whl", hash = "sha256:809212fa54f5940c3658cad730435218c6adfcaadb3b2c7edf4e0ef2dae56cc9"},
    {file = "pydantic_core-2.37.2-cp311-cp311-musllinux_1_1_armv7l.whl", hash = "sha256:6a99ac69ae60b7e4425162a22342687274133f4ac42df74a8d542f2a10d4a636"},
    {file = "pydantic_core-2.37.2-cp311-cp311-musllinux_1_1_x86_64.whl", hash = "sha256:21c471185968fab5b4b8848bbe8580b44d52511210547c20c6883b09b19872b7"},
    {file = "pydantic_core-2.37.2-cp311-cp311-win32.whl", hash = "sha256:d56baaf071198f8ae9a9fc426021e14cd7324650add0af9265669ccb51e6ca39"},
    {file = "pydantic_core-2.37.2-cp311-cp311-win_amd64.whl", hash = "sha256:606fff9bae16d56a45ea02a7d19ce0756321561febfebe72843bfc8e102dbac7"},
    {file = "pydantic_core-2.37.2-cp311-cp311-win_arm64.whl", hash = "sha256:922970c9cf4c5f744aacd992b0ac03ae3ade7dafde3af4ea81cbf617eefb557c"},
    {file = "pydantic_core-2.37.2-cp312-cp312-macosx_10_12_x86_64.whl", hash = "sha256:35c67588818c8c2bd6b3d75bc7fe49bd3f4ab9c62642d5e7bc4b0af6a5aae923"},
    {file = "pydantic_core-2.37.2-cp312-cp312-macosx_11_0_arm64.whl", hash = "sha256:379d5cc78f27d1f3620d09926844f50526a41d92b7e95df73320d47668d2f1fb"},
    {file = "pydantic_core-2.37.2-cp312-cp312-manylinux_2_17_aarch64.manylinux2014_aarch64.whl", hash = "sha256:33025a1e442e301eff4d446625e2ca7897634aa7aeddcd38a34c9d4437cb035b"},
    {file = "pydantic_core-2.37.2-cp312-cp312-manylinux_2_17_armv7l.manylinux2014_armv7l.whl", hash = "sha256:e842b55174d3dea826e4491b47d0b23c219c02c13f3c5f5f03adb7797fc5baad"},
    {file = "pydantic_core-2.37.2-cp312-cp312-manylinux_2_17_ppc64le.manylinux2014_ppc64le.whl", hash = "sha256:e8e13418866bf058af9c7df85174cef589d7cf5d396307695e0d9c6f3c77c1db"},
    {file = "pydantic_core-2.37.2-cp312-cp312-manylinux_2_17_s390x.manylinux2014_s390x.whl", hash = "sha256:64e1fb84f8d1892d2b32f370c1eb450902f97da0042f1638749313198453e5bc"},
    {file = "pydantic_core-2.37.2-cp312-cp312-manylinux_2_17_x86_64.manylinux2014_x86_64.whl", hash = "sha256:1144cc50a3e22e44b72445ed9d946021d91e11919feadc2dfbc183384969293b"},
    {file = "pydantic_core-2.37.2-cp312-cp312-manylinux_2_5_i686.manylinux1_i686.whl", hash = "sha256:4bc376b15d085cf8b42b3e506e4dc15886e358a71fab6fd78d4e260a1c3d8020"},
    {file = "pydantic_core-2.37.2-cp312-cp312-musllinux_1_1_aarch64.whl", hash = "sha256:69e85daeb48996505dbe92f94ecefa8db6ac6d7eccbd35d0e43db0c50c7e8356"},
    {file = "pydantic_core-2.37.2-cp312-cp312-musllinux_1_1_armv7l.whl", hash = "sha256:20386a94fdc0d83fc6b21f6879e88a9fa565763fff00f09cb93244387aeafaf4"},
    {file = "pydantic_core-2.37.2-cp312-cp312-musllinux_1_1_x86_64.whl", hash = "sha256:ffc850e6eded246e486d17685f9bfb397477032ddb30ba7752a59f6b3f86c943"},
    {file = "pydantic_core-2.37.2-cp312-cp312-win32.whl", hash = "sha256:c5f13e4bb50a3991731577ce9a0c30750a489c1af0bdcf151798c238c5598108"},
    {file = "pydantic_core-2.37.2-cp312-cp312-win_amd64.whl", hash = "sha256:9e4ca3155f9b8382b0eeea5f0464cf456f316088177bde5691414230091aa810"},
    {file = "pydantic_core-2.37.2-cp312-cp312-win_arm64.whl", hash = "sha256:ca4c5b48e83d1e718eb3d6f25b37f060526e75d5178e1ea79ad3dc183e2372ec"},
    {file = "pydantic_core-2.37.2-cp313-cp313-macosx_10_12_x86_64.whl", hash = "sha256:544f6430e2fb3e332b9fef44c7709564876e8a56bfe27b7d09e41eae8348b804"},
    {file = "pydantic_core-2.37.2-cp313-cp313-macosx_11_0_arm64.whl", hash = "sha256:33f67465de77043f5382d8a5237b68ca36327ebd8ab726609c66a0e8a383a13f"},
    {file = "pydantic_core-2.37.2-cp313-cp313-manylinux_2_17_aarch64.manylinux2014_aarch64.whl", hash = "sha256:6a686a713976796772f71117249de2bdd55edb0295964426ef2ceaa77c99b711"},
    {file = "pydantic_core-2.37.2-cp313-cp313-manylinux_2_17_armv7l.manylinux2014_armv7l.whl", hash = "sha256:ebef7afcbb10a1269c6df9571f6a3cdba29d6415e2432a2dec03e6d782d8344e"},
    {file = "pydantic_core-2.37.2-cp313-cp313-manylinux_2_17_ppc64le.manylinux2014_ppc64le.whl", hash = "sha256:0dc5d2620b80126de92da3c2ed8503b9daba5edc8eea3c1823d6fcb188589345"},
    {file = "pydantic_core-2.37.2-cp313-cp313-manylinux_2_17_s390x.manylinux2014_s390x.whl", hash = "sha256:2f80059c7e07d14000a1c59c31e304b0832448cf4cc906f9386cb19047abb681"},
    {file = "pydantic_core-2.37.2-cp313-cp313-manylinux_2_17_x86_64.manylinux2014_x86_64.whl", hash = "sha256:a012d9a45382b256500400f36b8cdc8ec96f6d2913b5f8ee8f767b1b092ce8bd"},
    {file = "pydantic_core-2.37.2-cp313-cp313-manylinux_2_5_i686.manylinux1_i686.whl", hash = "sha256:6a4828a9a63168ade035052c5e5d8f2a5f8ed39b3a8d085bd3c0f0577bb2aab5"},
    {file = "pydantic_core-2.37.2-cp313-cp313-musllinux_1_1_aarch64.whl", hash = "sha256:7b0f69cfbe6ab42944d84bea28c9f3a58f63fc1aef728ed176e4319ad36623dd"},
    {file = "pydantic_core-2.37.2-cp313-cp313-musllinux_1_1_armv7l.whl", hash = "sha256:3f2f004f0ad41d6fd26b59a41d24c5c01d5f98ccabde338d4a35e76a864dfaf4"},
    {file = "pydantic_core-2.37.2-cp313-cp313-musllinux_1_1_x86_64.whl", hash = "sha256:1e90e7495d50e6063bd7c1cd669a01697ff671719781d095ad1d2966a26b0218"},
    {file = "pydantic_core-2.37.2-cp313-cp313-win32.whl", hash = "sha256:c7f7fdef12127c680a892cbad70429a6103fa2eb476897b5f5cca2c25dd50d7e"},
    {file = "pydantic_core-2.37.2-cp313-cp313-win_amd64.whl", hash = "sha256:0433ad8291d1a0c84dfafc993483edb12280a5ba39c547ab965b4c1f2b78f05e"},
    {file = "pydantic_core-2.37.2-cp313-cp313-win_arm64.whl", hash = "sha256:aa033221b49abe4e91431249ef52c2dfa31f13f3187a1e581586a4cb04567f6e"},
    {file = "pydantic_core-2.37.2-cp313-cp313t-macosx_11_0_arm64.whl", hash = "sha256:a909d7a8eab6a40801e39651bb4912ae39f655c131928b2c2a56e17216637475"},
    {file = "pydantic_core-2.37.2-cp313-cp313t-manylinux_2_17_x86_64.manylinux2014_x86_64.whl", hash = "sha256:a945ef942eec1d28a4b67c7a72686eb0d9bc60f6b1d06d3bafcd376c7bffbc80"},
    {file = "pydantic_core-2.37.2-cp313-cp313t-win_amd64.whl", hash = "sha256:c2c394c7fc57bbbab24a7c2ff2109ad6a399413f843c418ff0523c7fdd321c09"},
    {file = "pydantic_core-2.37.2-cp314-cp314-macosx_10_12_x86_64.whl", hash = "sha256:dd2d989d27e15494677cd55512987bde711622e86ede2058444aa8346a15c648"},
    {file = "pydantic_core-2.37.2-cp314-cp314-macosx_11_0_arm64.whl", hash = "sha256:3bf27ce2fc6345a7c073786fcc5b68b667c7b4566c774fef9a61bf3611e67d6b"},
    {file = "pydantic_core-2.37.2-cp314-cp314-manylinux_2_17_aarch64.manylinux2014_aarch64.whl", hash = "sha256:d76e1db764c7756281fe17d06d1825610fe8ab3aa4acf1a592e1fb1925a79642"},
    {file = "pydantic_core-2.37.2-cp314-cp314-manylinux_2_17_armv7l.manylinux2014_armv7l.whl", hash = "sha256:ce27109f89e70c6dba047862c07ef326f4a7243f54dd42f5d59cc3dca5e8631f"},
    {file = "pydantic_core-2.37.2-cp314-cp314-manylinux_2_17_ppc64le.manylinux2014_ppc64le.whl", hash = "sha256:182a42835e5ad1ac3970785df9dbe25c8418aba03042679b4657bbd992fbfb39"},
    {file = "pydantic_core-2.37.2-cp314-cp314-manylinux_2_17_s390x.manylinux2014_s390x.whl", hash = "sha256:e51a7b13074fa00d97e5cb60344a71b0923771ffacb01acb0476138b22597e33"},
    {file = "pydantic_core-2.37.2-cp314-cp314-manylinux_2_17_x86_64.manylinux2014_x86_64.whl", hash = "sha256:fb879dab63b34480a1d28ec54ccbe0f62776f530ae9ad06bf0769bf889662146"},
    {file = "pydantic_core-2.37.2-cp314-cp314-manylinux_2_5_i686.manylinux1_i686.whl", hash = "sha256:8b3f68bf55d4e5c7daee7dcc455534af4a95ff5ddff1181f1fcb66278e5ef0e7"},
    {file = "pydantic_core-2.37.2-cp314-cp314-musllinux_1_1_aarch64.whl", hash = "sha256:777533bf33f38de0fa95141051faf092378c83e61762636c8d4df9051ebbbded"},
    {file = "pydantic_core-2.37.2-cp314-cp314-musllinux_1_1_armv7l.whl", hash = "sha256:e935a616dc13c07dcfbe2e57fd2898216a2c8b8c331a4c2be6ac5833c811b6f5"},
    {file = "pydantic_core-2.37.2-cp314-cp314-musllinux_1_1_x86_64.whl", hash = "sha256:88b1f419faee6d031b595abaa7032399a666672d06636b05e14824452eabfcbd"},
    {file = "pydantic_core-2.37.2-cp314-cp314-win32.whl", hash = "sha256:ef57747b2a7df50598d843bf978b245e7d86199eb6ac1cf118151d7015789b31"},
    {file = "pydantic_core-2.37.2-cp314-cp314-win_amd64.whl", hash = "sha256:476ca176d01b8fa7fa4adcb7432a4221feb9711675a766618b7fad7878b38f46"},
    {file = "pydantic_core-2.37.2-cp314-cp314-win_arm64.whl", hash = "sha256:765519587e15e24535670a3f903ded586bb2ca44ab103d3963f8a8ed6a7c87a2"},
    {file = "pydantic_core-2.37.2-cp314-cp314t-macosx_11_0_arm64.whl", hash = "sha256:e16d5f519d85acd5deb7d728f22f0433aa80469b3441de24a72a9a8d2561d0d9"},
    {file = "pydantic_core-2.37.2-cp314-cp314t-manylinux_2_17_x86_64.manylinux2014_x86_64.whl", hash = "sha256:9eda70db8850d2cb0ca0d38a5cc5ebfac366cdd36689f128ec4b9fbabbf68973"},
    {file = "pydantic_core-2.37.2-cp314-cp314t-win_amd64.whl", hash = "sha256:18a0c379bed0c7d05f1ed4de2a2e8dba9a1a21618e8694b8c27be92e46dd3d90"},
    {file = "pydantic_core-2.37.2-cp39-cp39-macosx_10_12_x86_64.whl", hash = "sha256:5e2e9d3f824f33aba2d2c7480f7d02d1a3c949bfb0b0ab855ac8efa9d7ab20db"},
    {file = "pydantic_core-2.37.2-cp39-cp39-macosx_11_0_arm64.whl", hash = "sha256:98db57450056f38a409d69ec0125a09fd98bb7274ae7492db148f985bb8c5b37"},
    {file = "pydantic_core-2.37.2-cp39-cp39-manylinux_2_17_aarch64.manylinux2014_aarch64.whl", hash = "sha256:5337b71420963ec07102f360fd33bd0fcb6110214dd6bcbc583b082784f7a867"},
    {file = "pydantic_core-2.37.2-cp39-cp39-manylinux_2_17_armv7l.manylinux2014_armv7l.whl", hash = "sha256:d96e91b1dd8d04a902929c628ffad236e0884f323cada14a61eae2f332d5f1ae"},
    {file = "pydantic_core-2.37.2-cp39-cp39-manylinux_2_17_ppc64le.manylinux2014_ppc64le.whl", hash = "sha256:542ad261ca0e7963179bd2ce71f0ca1dbeb9d6bfe5597e37203aded9cd2d50b1"},
    {file = "pydantic_core-2.37.2-cp39-cp39-manylinux_2_17_s390x.manylinux2014_s390x.whl", hash = "sha256:cb90f46650df8956d71356b9ed0c4074998e390de2cada4fb01150997e0bf307"},
    {file = "pydantic_core-2.37.2-cp39-cp39-manylinux_2_17_x86_64.manylinux2014_x86_64.whl", hash = "sha256:0b942f5e21b6c4deb527f20fb9d8dc0bcb07f05deb073aacda33c8906863e45b"},
    {file = "pydantic_core-2.37.2-cp39-cp39-manylinux_2_5_i686.manylinux1_i686.whl", hash = "sha256:87145817867430658c98bb1b34cef0f799c92df86229d506c72dd07d048f70a5"},
    {file = "pydantic_core-2.37.2-cp39-cp39-musllinux_1_1_aarch64.whl", hash = "sha256:1e1bf4069e7ff52f2248c95ccb4524c4282a5bc03f16c631175d9eecda772483"},
    {file = "pydantic_core-2.37.2-cp39-cp39-musllinux_1_1_armv7l.whl", hash = "sha256:7ffa484f1fef4a928f85e89e182fc475b9afa1823f02e2650b21185e63ebc48a"},
    {file = "pydantic_core-2.37.2-cp39-cp39-musllinux_1_1_x86_64.whl", hash = "sha256:06b62ff71e37c26a695af729fa3c30dbd5fe0f3247d624f6212fbb5fc5895f9f"},
    {file = "pydantic_core-2.37.2-cp39-cp39-win32.whl", hash = "sha256:f2665ded5fa24194e455458b6e109f4ebb4308ce180595b74b48f0d48b8b9ab2"},
    {file = "pydantic_core-2.37.2-cp39-cp39-win_amd64.whl", hash = "sha256:f55fe35c2c9a6de14bc973bf129aa9a0a69aeba70386ed41815e81ff9d30ff7e"},
    {file = "pydantic_core-2.37.2-pp310-pypy310_pp73-macosx_10_12_x86_64.whl", hash = "sha256:46d70f87518f5426790eba9b2000015874ca4b01770929b45a04f2f2ba689b56"},
    {file = "pydantic_core-2.37.2-pp310-pypy310_pp73-macosx_11_0_arm64.whl", hash = "sha256:0cb6779157dbbf29ee9cef44599950cb41bec0673c4af37a5b66ccc933a3a55c"},
    {file = "pydantic_core-2.37.2-pp310-pypy310_pp73-manylinux_2_17_aarch64.manylinux2014_aarch64.whl", hash = "sha256:e0792e9dc1e0e1e77ac5b884cb4c1b7965a436215d8a18a553211d24b47cab22"},
    {file = "pydantic_core-2.37.2-pp310-pypy310_pp73-manylinux_2_17_x86_64.manylinux2014_x86_64.whl", hash = "sha256:1938c7782563cc435469ce7c0d56c2ddbbfdcdc618f81e9240370834532613c3"},
    {file = "pydantic_core-2.37.2-pp310-pypy310_pp73-manylinux_2_5_i686.manylinux1_i686.whl", hash = "sha256:cd28c154ca44d9dc8cd9e11541ceeab7b68d96b78281a114b7441c779fe2c483"},
    {file = "pydantic_core-2.37.2-pp310-pypy310_pp73-musllinux_1_1_aarch64.whl", hash = "sha256:005032e79dd34b357d77f6020c7a389a084a9e3953f07b85fa1cfd84f91b4792"},
    {file = "pydantic_core-2.37.2-pp310-pypy310_pp73-musllinux_1_1_armv7l.whl", hash = "sha256:794d124d21f7cee72929fac75cd1a110560a9806eee805743e237848f90c54d6"},
    {file = "pydantic_core-2.37.2-pp310-pypy310_pp73-musllinux_1_1_x86_64.whl", hash = "sha256:ae9c016c39f0111009ef34a5554ea204663310706f727bca40f00c9182fcb220"},
    {file = "pydantic_core-2.37.2-pp310-pypy310_pp73-win_amd64.whl", hash = "sha256:e0481c2fe8e1fa7bc4bd45acc4dd96eee7f99ae0c170603161e43dd3886f0333"},
    {file = "pydantic_core-2.37.2-pp311-pypy311_pp73-macosx_10_12_x86_64.whl", hash = "sha256:d2b202c7896403c475628e6a6f4b33761ee5e492c9c87a4ca4142324c90308ee"},
    {file = "pydantic_core-2.37.2-pp311-pypy311_pp73-macosx_11_0_arm64.whl", hash = "sha256:d15c6a66204100d9dd363ed192971fab906b7ba9d55efe01deaf421ced66c60f"},
    {file = "pydantic_core-2.37.2-pp311-pypy311_pp73-manylinux_2_17_aarch64.manylinux2014_aarch64.whl", hash = "sha256:23f0f3648bb68a188e15cb99e3d715ba56293d2b8e9984bf3b6d373a9ed5640b"},
    {file = "pydantic_core-2.37.2-pp311-pypy311_pp73-manylinux_2_17_x86_64.manylinux2014_x86_64.whl", hash = "sha256:77d030263fcc8520d0fe772caf773e535cc3ff6e4c5d7af2ecb21f1ffee4eed5"},
    {file = "pydantic_core-2.37.2-pp311-pypy311_pp73-manylinux_2_5_i686.manylinux1_i686.whl", hash = "sha256:9ca7e1d981ea3eac5864f42150f73b805ff5645d2dcb9615f9cc716eb468538a"},
    {file = "pydantic_core-2.37.2-pp311-pypy311_pp73-musllinux_1_1_aarch64.whl", hash = "sha256:3f68fc979de6881467086bd26490afecf47af691004a6a61bcc5f64ca8f8b556"},
    {file = "pydantic_core-2.37.2-pp311-pypy311_pp73-musllinux_1_1_armv7l.whl", hash = "sha256:2ca5511d4c815269496e577af62fe0ed8dc4fafb1f7d6bd280063f174d9c6c10"},
    {file = "pydantic_core-2.37.2-pp311-pypy311_pp73-musllinux_1_1_x86_64.whl", hash = "sha256:257dfc9a1a7f9a2ab203423ca13c10e52798a26081f9ffc43d1c0b90897443e2"},
    {file = "pydantic_core-2.37.2-pp311-pypy311_pp73-win_amd64.whl", hash = "sha256:1fdc045a4ebb04e2218430c7084dd7d30fce601e939c4a0825677dffdf7838b5"},
    {file = "pydantic_core-2.37.2.tar.gz", hash = "sha256:78fb2a749123408fedaf540a22ca6bf0b5ec1f522a14fc00e27ede33d8ac088c"},
]

[package.dependencies]
typing-extensions = ">=4.14.1"

[[package]]
name = "pyinstaller"
version = "6.16.0"
description = "PyInstaller bundles a Python application and all its dependencies into a single package."
optional = false
python-versions = "<3.15,>=3.8"
groups = ["dev"]
files = [
    {file = "pyinstaller-6.16.0-py3-none-macosx_10_13_universal2.whl", hash = "sha256:7fd1c785219a87ca747c21fa92f561b0d2926a7edc06d0a0fe37f3736e00bd7a"},
    {file = "pyinstaller-6.16.0-py3-none-manylinux2014_aarch64.whl", hash = "sha256:b756ddb9007b8141c5476b553351f9d97559b8af5d07f9460869bfae02be26b0"},
    {file = "pyinstaller-6.16.0-py3-none-manylinux2014_i686.whl", hash = "sha256:0a48f55b85ff60f83169e10050f2759019cf1d06773ad1c4da3a411cd8751058"},
    {file = "pyinstaller-6.16.0-py3-none-manylinux2014_ppc64le.whl", hash = "sha256:73ba72e04fcece92e32518bbb1e1fb5ac2892677943dfdff38e01a06e8742851"},
    {file = "pyinstaller-6.16.0-py3-none-manylinux2014_s390x.whl", hash = "sha256:b1752488248f7899281b17ca3238eefb5410521291371a686a4f5830f29f52b3"},
    {file = "pyinstaller-6.16.0-py3-none-manylinux2014_x86_64.whl", hash = "sha256:ba618a61627ee674d6d68e5de084ba17c707b59a4f2a856084b3999bdffbd3f0"},
    {file = "pyinstaller-6.16.0-py3-none-musllinux_1_1_aarch64.whl", hash = "sha256:c8b7ef536711617e12fef4673806198872033fa06fa92326ad7fd1d84a9fa454"},
    {file = "pyinstaller-6.16.0-py3-none-musllinux_1_1_x86_64.whl", hash = "sha256:d1ebf84d02c51fed19b82a8abb4df536923abd55bb684d694e1356e4ae2a0ce5"},
    {file = "pyinstaller-6.16.0-py3-none-win32.whl", hash = "sha256:6d5f8617f3650ff9ef893e2ab4ddbf3c0d23d0c602ef74b5df8fbef4607840c8"},
    {file = "pyinstaller-6.16.0-py3-none-win_amd64.whl", hash = "sha256:bc10eb1a787f99fea613509f55b902fbd2d8b73ff5f51ff245ea29a481d97d41"},
    {file = "pyinstaller-6.16.0-py3-none-win_arm64.whl", hash = "sha256:d0af8a401de792c233c32c44b16d065ca9ab8262ee0c906835c12bdebc992a64"},
    {file = "pyinstaller-6.16.0.tar.gz", hash = "sha256:53559fe1e041a234f2b4dcc3288ea8bdd57f7cad8a6644e422c27bb407f3edef"},
]

[package.dependencies]
altgraph = "*"
macholib = {version = ">=1.8", markers = "sys_platform == \"darwin\""}
packaging = ">=22.0"
pefile = {version = ">=2022.5.30,<2024.8.26 || >2024.8.26", markers = "sys_platform == \"win32\""}
pyinstaller-hooks-contrib = ">=2025.8"
pywin32-ctypes = {version = ">=0.2.1", markers = "sys_platform == \"win32\""}
setuptools = ">=42.0.0"

[package.extras]
completion = ["argcomplete"]
hook-testing = ["execnet (>=1.5.0)", "psutil", "pytest (>=2.7.3)"]

[[package]]
name = "pyinstaller-hooks-contrib"
version = "2025.9"
description = "Community maintained hooks for PyInstaller"
optional = false
python-versions = ">=3.8"
groups = ["dev"]
files = [
    {file = "pyinstaller_hooks_contrib-2025.9-py3-none-any.whl", hash = "sha256:ccbfaa49399ef6b18486a165810155e5a8d4c59b41f20dc5da81af7482aaf038"},
    {file = "pyinstaller_hooks_contrib-2025.9.tar.gz", hash = "sha256:56e972bdaad4e9af767ed47d132362d162112260cbe488c9da7fee01f228a5a6"},
]

[package.dependencies]
packaging = ">=22.0"
setuptools = ">=42.0.0"

[[package]]
name = "python-dateutil"
version = "2.9.0.post0"
description = "Extensions to the standard Python datetime module"
optional = false
python-versions = "!=3.0.*,!=3.1.*,!=3.2.*,>=2.7"
groups = ["main"]
files = [
    {file = "python-dateutil-2.9.0.post0.tar.gz", hash = "sha256:37dd54208da7e1cd875388217d5e00ebd4179249f90fb72437e91a35459a0ad3"},
    {file = "python_dateutil-2.9.0.post0-py2.py3-none-any.whl", hash = "sha256:a8b2bc7bffae282281c8140a97d3aa9c14da0b136dfe83f850eea9a5f7470427"},
]

[package.dependencies]
six = ">=1.5"

[[package]]
name = "pywin32-ctypes"
version = "0.2.3"
description = "A (partial) reimplementation of pywin32 using ctypes/cffi"
optional = false
python-versions = ">=3.6"
groups = ["dev"]
markers = "sys_platform == \"win32\""
files = [
    {file = "pywin32-ctypes-0.2.3.tar.gz", hash = "sha256:d162dc04946d704503b2edc4d55f3dba5c1d539ead017afa00142c38b9885755"},
    {file = "pywin32_ctypes-0.2.3-py3-none-any.whl", hash = "sha256:8a1513379d709975552d202d942d9837758905c8d01eb82b8bcc30918929e7b8"},
]

[[package]]
name = "setuptools"
version = "80.9.0"
description = "Easily download, build, install, upgrade, and uninstall Python packages"
optional = false
python-versions = ">=3.9"
groups = ["dev"]
files = [
    {file = "setuptools-80.9.0-py3-none-any.whl", hash = "sha256:062d34222ad13e0cc312a4c02d73f059e86a4acbfbdea8f8f76b28c99f306922"},
    {file = "setuptools-80.9.0.tar.gz", hash = "sha256:f36b47402ecde768dbfafc46e8e4207b4360c654f1f3bb84475f0a28628fb19c"},
]

[package.extras]
check = ["pytest-checkdocs (>=2.4)", "pytest-ruff (>=0.2.1) ; sys_platform != \"cygwin\"", "ruff (>=0.8.0) ; sys_platform != \"cygwin\""]
core = ["importlib_metadata (>=6) ; python_version < \"3.10\"", "jaraco.functools (>=4)", "jaraco.text (>=3.7)", "more_itertools", "more_itertools (>=8.8)", "packaging (>=24.2)", "platformdirs (>=4.2.2)", "tomli (>=2.0.1) ; python_version < \"3.11\"", "wheel (>=0.43.0)"]
cover = ["pytest-cov"]
doc = ["furo", "jaraco.packaging (>=9.3)", "jaraco.tidelift (>=1.4)", "pygments-github-lexers (==0.0.5)", "pyproject-hooks (!=1.1)", "rst.linker (>=1.9)", "sphinx (>=3.5)", "sphinx-favicon", "sphinx-inline-tabs", "sphinx-lint", "sphinx-notfound-page (>=1,<2)", "sphinx-reredirects", "sphinxcontrib-towncrier", "towncrier (<24.7)"]
enabler = ["pytest-enabler (>=2.2)"]
test = ["build[virtualenv] (>=1.0.3)", "filelock (>=3.4.0)", "ini2toml[lite] (>=0.14)", "jaraco.develop (>=7.21) ; python_version >= \"3.9\" and sys_platform != \"cygwin\"", "jaraco.envs (>=2.2)", "jaraco.path (>=3.7.2)", "jaraco.test (>=5.5)", "packaging (>=24.2)", "pip (>=19.1)", "pyproject-hooks (!=1.1)", "pytest (>=6,!=8.1.*)", "pytest-home (>=0.5)", "pytest-perf ; sys_platform != \"cygwin\"", "pytest-subprocess", "pytest-timeout", "pytest-xdist (>=3)", "tomli-w (>=1.0.0)", "virtualenv (>=13.0.0)", "wheel (>=0.44.0)"]
type = ["importlib_metadata (>=7.0.2) ; python_version < \"3.10\"", "jaraco.develop (>=7.21) ; sys_platform != \"cygwin\"", "mypy (==1.14.*)", "pytest-mypy"]

[[package]]
name = "six"
version = "1.17.0"
description = "Python 2 and 3 compatibility utilities"
optional = false
python-versions = "!=3.0.*,!=3.1.*,!=3.2.*,>=2.7"
groups = ["main"]
files = [
    {file = "six-1.17.0-py2.py3-none-any.whl", hash = "sha256:4721f391ed90541fddacab5acf947aa0d3dc7d27b2e1e8eda2be8970586c3274"},
    {file = "six-1.17.0.tar.gz", hash = "sha256:ff70335d468e7eb6ec65b95b99d3a2836546063f63acc5171de367e834932a81"},
]

[[package]]
name = "typing-extensions"
version = "4.15.0"
description = "Backported and Experimental Type Hints for Python 3.9+"
optional = false
python-versions = ">=3.9"
groups = ["main"]
files = [
    {file = "typing_extensions-4.15.0-py3-none-any.whl", hash = "sha256:f0fa19c6845758ab08074a0cfa8b7aecb71c999ca73d62883bc25cc018c4e548"},
    {file = "typing_extensions-4.15.0.tar.gz", hash = "sha256:0cea48d173cc12fa28ecabc3b837ea3cf6f38c6d1136f85cbaaf598984861466"},
]

[[package]]
name = "typing-inspection"
version = "0.4.2"
description = "Runtime typing introspection tools"
optional = false
python-versions = ">=3.9"
groups = ["main"]
files = [
    {file = "typing_inspection-0.4.2-py3-none-any.whl", hash = "sha256:4ed1cacbdc298c220f1bd249ed5287caa16f34d44ef4e9c3d0cbad5b521545e7"},
    {file = "typing_inspection-0.4.2.tar.gz", hash = "sha256:ba561c48a67c5958007083d386c3295464928b01faa735ab8547c5692e87f464"},
]

[package.dependencies]
typing-extensions = ">=4.12.0"

[[package]]
name = "tzdata"
version = "2025.2"
description = "Provider of IANA time zone data"
optional = false
python-versions = ">=2"
groups = ["main"]
files = [
    {file = "tzdata-2025.2-py2.py3-none-any.whl", hash = "sha256:1a403fada01ff9221ca8044d701868fa132215d84beb92242d9acd2147f667a8"},
    {file = "tzdata-2025.2.tar.gz", hash = "sha256:b60a638fcc0daffadf82fe0f57e53d06bdec2f36c4df66280ae79bce6bd6f2b9"},
]

[metadata]
lock-version = "2.1"
python-versions = ">=3.10,<3.15"
content-hash = "864a575e9a781f5be833713a59939ff813e48bf55b51b5421cf8f1d14c8b242e"
